
Microsoft Visual Studio Solution File, Format Version 12.00
# Visual Studio Version 16
VisualStudioVersion = 16.0.29806.167
MinimumVisualStudioVersion = 10.0.40219.1
Project("{9A19103F-16F7-4668-BE54-9A1E7A4F7556}") = "S2.Oop", "S2.Oop\S2.Oop.csproj", "{266126CA-F11F-41A6-A710-EA5A17EA2172}"
EndProject
Project("{FAE04EC0-301F-11D3-BF4B-00C04F79EFBC}") = "S2.Inheritance", "S2.Inheritance\S2.Inheritance.csproj", "{A324B15F-FA45-4039-82CE-80A95D4DD6AB}"
EndProject
Global
	GlobalSection(SolutionConfigurationPlatforms) = preSolution
		Debug|Any CPU = Debug|Any CPU
		Release|Any CPU = Release|Any CPU
	EndGlobalSection
	GlobalSection(ProjectConfigurationPlatforms) = postSolution
		{266126CA-F11F-41A6-A710-EA5A17EA2172}.Debug|Any CPU.ActiveCfg = Debug|Any CPU
		{266126CA-F11F-41A6-A710-EA5A17EA2172}.Debug|Any CPU.Build.0 = Debug|Any CPU
		{266126CA-F11F-41A6-A710-EA5A17EA2172}.Release|Any CPU.ActiveCfg = Release|Any CPU
		{266126CA-F11F-41A6-A710-EA5A17EA2172}.Release|Any CPU.Build.0 = Release|Any CPU
		{A324B15F-FA45-4039-82CE-80A95D4DD6AB}.Debug|Any CPU.ActiveCfg = Debug|Any CPU
		{A324B15F-FA45-4039-82CE-80A95D4DD6AB}.Debug|Any CPU.Build.0 = Debug|Any CPU
		{A324B15F-FA45-4039-82CE-80A95D4DD6AB}.Release|Any CPU.ActiveCfg = Release|Any CPU
		{A324B15F-FA45-4039-82CE-80A95D4DD6AB}.Release|Any CPU.Build.0 = Release|Any CPU
	EndGlobalSection
	GlobalSection(SolutionProperties) = preSolution
		HideSolutionNode = FALSE
	EndGlobalSection
	GlobalSection(ExtensibilityGlobals) = postSolution
		SolutionGuid = {497B93D7-8F4F-48FC-A07C-C49CD2800711}
	EndGlobalSection
EndGlobal
